
Microsoft Visual Studio Solution File, Format Version 12.00
# Visual Studio Version 16
VisualStudioVersion = 16.0.29613.14
MinimumVisualStudioVersion = 10.0.40219.1
Project("{FAE04EC0-301F-11D3-BF4B-00C04F79EFBC}") = "VoxelNet", "VoxelNet\VoxelNet.csproj", "{522B0923-4BB7-41C0-A61C-984CDA34AB8D}"
EndProject
Project("{FAE04EC0-301F-11D3-BF4B-00C04F79EFBC}") = "MaterialEditor", "MaterialEditor\MaterialEditor.csproj", "{C0C19498-8E76-40FD-80F6-30605D4365E6}"
EndProject
Global
	GlobalSection(SolutionConfigurationPlatforms) = preSolution
		Debug|Any CPU = Debug|Any CPU
		Release|Any CPU = Release|Any CPU
	EndGlobalSection
	GlobalSection(ProjectConfigurationPlatforms) = postSolution
		{522B0923-4BB7-41C0-A61C-984CDA34AB8D}.Debug|Any CPU.ActiveCfg = Debug|Any CPU
		{522B0923-4BB7-41C0-A61C-984CDA34AB8D}.Debug|Any CPU.Build.0 = Debug|Any CPU
		{522B0923-4BB7-41C0-A61C-984CDA34AB8D}.Release|Any CPU.ActiveCfg = Release|Any CPU
		{522B0923-4BB7-41C0-A61C-984CDA34AB8D}.Release|Any CPU.Build.0 = Release|Any CPU
		{C0C19498-8E76-40FD-80F6-30605D4365E6}.Debug|Any CPU.ActiveCfg = Debug|Any CPU
		{C0C19498-8E76-40FD-80F6-30605D4365E6}.Debug|Any CPU.Build.0 = Debug|Any CPU
		{C0C19498-8E76-40FD-80F6-30605D4365E6}.Release|Any CPU.ActiveCfg = Release|Any CPU
		{C0C19498-8E76-40FD-80F6-30605D4365E6}.Release|Any CPU.Build.0 = Release|Any CPU
	EndGlobalSection
	GlobalSection(SolutionProperties) = preSolution
		HideSolutionNode = FALSE
	EndGlobalSection
	GlobalSection(ExtensibilityGlobals) = postSolution
		SolutionGuid = {E42084D4-0177-4196-A324-514B71C12E0B}
	EndGlobalSection
EndGlobal
